{
  "name": "@anio-fs/scandir",
  "version": "9.0.0",
  "lockfileVersion": 3,
  "requires": true,
  "packages": {
    "": {
      "name": "@anio-fs/scandir",
      "version": "9.0.0",
      "license": "MIT",
      "devDependencies": {
        "@anio-fs/api": "^11.0.0",
        "@anio-fs/path-type": "^15.0.0",
        "@fourtune/core": "^0.500.0",
        "@fourtune/realm-js": "^0.5000.0",
        "fourtune": "^0.1000.0"
      }
    },
    "node_modules/@anio-fs/api": {
      "version": "11.0.0",
      "resolved": "https://registry.npmjs.org/@anio-fs/api/-/api-11.0.0.tgz",
      "integrity": "sha512-L4RLsdVy+mIDXscVyk7AZVx1BLbXBLOU7Ynd3L5poZQJ93y+op/qNiCEgirNOdJQ9tUvksgHpyF6HbDApaCHxQ==",
      "dev": true,
      "license": "MIT"
    },
    "node_modules/@anio-fs/path-type": {
      "version": "15.0.0",
      "resolved": "https://registry.npmjs.org/@anio-fs/path-type/-/path-type-15.0.0.tgz",
      "integrity": "sha512-8J3HzsaV6X2FW3AlfxvvSa//Xclvwe5IS5XW+nfUezJGnPm5P+YCI3nuEy0xWKPd3tzGfwnJl5nEdbhC71aQnA==",
      "dev": true,
      "license": "MIT"
    },
    "node_modules/@anio-js-foundation/str-colorize": {
      "version": "2.1.0",
      "resolved": "https://registry.npmjs.org/@anio-js-foundation/str-colorize/-/str-colorize-2.1.0.tgz",
      "integrity": "sha512-p3ZIaBZGdMzX52jdHHlhl2c2sgqhhvtBQ6AQSoQ5lmvkpmDZga9/b172xhrSRx0gQH8/g94m+5wRwUjBOh6Z0w==",
      "dev": true
    },
    "node_modules/@anio-node-foundation/cli-parse-args": {
      "version": "3.0.0",
      "resolved": "https://registry.npmjs.org/@anio-node-foundation/cli-parse-args/-/cli-parse-args-3.0.0.tgz",
      "integrity": "sha512-1/4iUcVKuZyLT7EMxyZogXgU6RfWklohWU0g5hsGOUEBqgKQ4PgePDrO6mUMw6neCBuQLbxAEhD/K+9kg6lGgg==",
      "dev": true
    },
    "node_modules/@anio-software/fs": {
      "version": "0.6.0",
      "resolved": "https://registry.npmjs.org/@anio-software/fs/-/fs-0.6.0.tgz",
      "integrity": "sha512-wjVq+gY+tqovkE2aXnBoAL7k4yycvLvcRitLIT05TmjvafbnG/7kfsqqGlIaZaoZC3Jd/F6+c+b+P1YMCZD8KQ==",
      "dev": true
    },
    "node_modules/@fourtune/core": {
      "version": "0.500.0",
      "resolved": "https://registry.npmjs.org/@fourtune/core/-/core-0.500.0.tgz",
      "integrity": "sha512-vdgK7F83S1yb3b0gTbN2JAyoL5WRDjNcUIH27Ow/VhZHfzbIyhPZKQ0VXFF0d0KqR07dRRaK8U3mfP2nE3iHdA==",
      "dev": true,
      "license": "MIT"
    },
    "node_modules/@fourtune/js-and-web-runtime-and-rollup-plugins": {
      "version": "0.8600.0",
      "resolved": "https://registry.npmjs.org/@fourtune/js-and-web-runtime-and-rollup-plugins/-/js-and-web-runtime-and-rollup-plugins-0.8600.0.tgz",
      "integrity": "sha512-NMZmM+LBo0BIFw8e5YSdhqyPK0mhbGG/MhQMAzW1cpfYi6yD4Y1TIMMggIH1PB6udJFqSGZDg34khFL0rhTxfQ==",
      "dev": true,
      "license": "MIT"
    },
    "node_modules/@fourtune/realm-js": {
      "version": "0.5000.0",
      "resolved": "https://registry.npmjs.org/@fourtune/realm-js/-/realm-js-0.5000.0.tgz",
      "integrity": "sha512-QYKrk3PTa9BzfTtIVBP/le3kbe+Wl0QZPs/V2gpktemC/lBGhj+V7+Vc1mGHte6jT5rDrm5iYdQnmMB5udWjXg==",
      "dev": true,
      "license": "MIT",
      "dependencies": {
        "@anio-software/fs": "0.6.0",
        "@fourtune/js-and-web-runtime-and-rollup-plugins": "^0.8600.0"
      },
      "peerDependencies": {
        "@fourtune/core": "0.x",
        "@types/node": "22.x"
      }
    },
    "node_modules/@types/node": {
      "version": "22.7.5",
      "resolved": "https://registry.npmjs.org/@types/node/-/node-22.7.5.tgz",
      "integrity": "sha512-jML7s2NAzMWc//QSJ1a3prpk78cOPchGvXJsC3C6R6PSMoooztvRVQEz89gmBTBY1SPMaqo5teB4uNHPdetShQ==",
      "dev": true,
      "peer": true,
      "dependencies": {
        "undici-types": "~6.19.2"
      }
    },
    "node_modules/fourtune": {
      "version": "0.1000.0",
      "resolved": "https://registry.npmjs.org/fourtune/-/fourtune-0.1000.0.tgz",
      "integrity": "sha512-XYKwpecJSIu0vQvRgfGbAccnjdvrBBt3TaNUhR43WGchoyl9zlfQ6eE9XJ2bH1EmbcpWMazw8i/KrEhQG0noDg==",
      "dev": true,
      "license": "MIT",
      "dependencies": {
        "@anio-js-foundation/str-colorize": "^2.1.0",
        "@anio-node-foundation/cli-parse-args": "^3.0.0",
        "@anio-software/fs": "^0.6.0"
      },
      "bin": {
        "fourtune": "src/cli.mjs"
      },
      "peerDependencies": {
        "@fourtune/core": "0.x"
      }
    },
    "node_modules/undici-types": {
      "version": "6.19.8",
      "resolved": "https://registry.npmjs.org/undici-types/-/undici-types-6.19.8.tgz",
      "integrity": "sha512-ve2KP6f/JnbPBFyobGHuerC9g1FYGn/F8n1LWTwNxCEzd6IfqTwUQcNXgEtmmQ6DlRrC1hrSrBnCZPokRrDHjw==",
      "dev": true,
      "peer": true
    }
  }
}
