{
  "name": "@anio-software/pkg.node-fs-scandir",
  "version": "0.0.0",
  "lockfileVersion": 3,
  "requires": true,
  "packages": {
    "": {
      "name": "@anio-software/pkg.node-fs-scandir",
      "version": "0.0.0",
      "license": "MIT",
      "engines": {
        "node": ">=22.7.x"
      }
    }
  }
}
