{
  "name": "@anio-fs/scandir",
  "version": "7.1.1",
  "lockfileVersion": 3,
  "requires": true,
  "packages": {
    "": {
      "name": "@anio-fs/scandir",
      "version": "7.1.1",
      "license": "MIT",
      "devDependencies": {
        "@anio-fs/api": "^8.0.2",
        "@anio-fs/path-type": "^6.0.2",
        "@fourtune/realm-js": "^0.24.1",
        "fourtune": "^0.17.0"
      }
    },
    "node_modules/@anio-fs/api": {
      "version": "8.0.2",
      "resolved": "https://registry.npmjs.org/@anio-fs/api/-/api-8.0.2.tgz",
      "integrity": "sha512-4qRZeEqVDm/lU0YnGa867E7+T00gMzRyrkADJdYdXd/p/4q4fxBvCw6aHrqDNQ1/WOHrMHyOxRcKHYfa0X7XTA==",
      "dev": true
    },
    "node_modules/@anio-fs/path-type": {
      "version": "6.0.2",
      "resolved": "https://registry.npmjs.org/@anio-fs/path-type/-/path-type-6.0.2.tgz",
      "integrity": "sha512-bJ4Hjbn23q6Dr0xvt6m6rsKv/prS54pUsaAHyFGtZZ+z5Gkz7jLoAbdJ+naHuLmmgPCnxY8CgiIG/X0g8LmxRA==",
      "dev": true
    },
    "node_modules/@anio-js-foundation/alphabet-identifier-generator": {
      "version": "1.0.0",
      "resolved": "https://registry.npmjs.org/@anio-js-foundation/alphabet-identifier-generator/-/alphabet-identifier-generator-1.0.0.tgz",
      "integrity": "sha512-5iX/tThCxTWjIfm2VgQD08jycjRNVaRnqZxRfZc8zlK0h6Xcd2lyByRpGDmq1sM2tTDiN7h5wurxXPcpJEfIQw==",
      "dev": true
    },
    "node_modules/@anio-js-foundation/generate-object-literal": {
      "version": "1.1.0",
      "resolved": "https://registry.npmjs.org/@anio-js-foundation/generate-object-literal/-/generate-object-literal-1.1.0.tgz",
      "integrity": "sha512-C6LrZtOANdv2uxvMi1ICluLwuycSpokxcs3yMfFyILwtjMJtgoHk6BQufa8h8txv+l3xOSeQLnCVf1Xgx5EO7A==",
      "dev": true
    },
    "node_modules/@anio-js-foundation/str-colorize": {
      "version": "2.1.0",
      "resolved": "https://registry.npmjs.org/@anio-js-foundation/str-colorize/-/str-colorize-2.1.0.tgz",
      "integrity": "sha512-p3ZIaBZGdMzX52jdHHlhl2c2sgqhhvtBQ6AQSoQ5lmvkpmDZga9/b172xhrSRx0gQH8/g94m+5wRwUjBOh6Z0w==",
      "dev": true
    },
    "node_modules/@anio-js-foundation/strip-suffix": {
      "version": "3.0.1",
      "resolved": "https://registry.npmjs.org/@anio-js-foundation/strip-suffix/-/strip-suffix-3.0.1.tgz",
      "integrity": "sha512-2tFOVHjauYFSPDhJO9KmJWBqoi2m58LxmNIVh/P88IEIrguJq23rErgIGjiTdJasV/8rUW6r533I6HdTbFSnsQ==",
      "dev": true
    },
    "node_modules/@anio-node-foundation/cli-parse-args": {
      "version": "3.0.0",
      "resolved": "https://registry.npmjs.org/@anio-node-foundation/cli-parse-args/-/cli-parse-args-3.0.0.tgz",
      "integrity": "sha512-1/4iUcVKuZyLT7EMxyZogXgU6RfWklohWU0g5hsGOUEBqgKQ4PgePDrO6mUMw6neCBuQLbxAEhD/K+9kg6lGgg==",
      "dev": true
    },
    "node_modules/@anio-software/fs": {
      "version": "0.6.0",
      "resolved": "https://registry.npmjs.org/@anio-software/fs/-/fs-0.6.0.tgz",
      "integrity": "sha512-wjVq+gY+tqovkE2aXnBoAL7k4yycvLvcRitLIT05TmjvafbnG/7kfsqqGlIaZaoZC3Jd/F6+c+b+P1YMCZD8KQ==",
      "dev": true
    },
    "node_modules/@fourtune/realm-js": {
      "version": "0.24.1",
      "resolved": "https://registry.npmjs.org/@fourtune/realm-js/-/realm-js-0.24.1.tgz",
      "integrity": "sha512-59VTwIMih9oo36QSO+Q2mDkI5rCLkKCH9HAiuiJrqAhuJE64zaWtcT05SxlveXJPN7t0nvPETyTmsgXDYo4T6w==",
      "dev": true,
      "hasInstallScript": true,
      "dependencies": {
        "@anio-js-foundation/alphabet-identifier-generator": "1.0.0",
        "@anio-js-foundation/generate-object-literal": "1.1.0",
        "@anio-js-foundation/strip-suffix": "3.0.1",
        "@anio-software/fs": "0.6.0"
      },
      "peerDependencies": {
        "@types/node": "22.x"
      }
    },
    "node_modules/@types/node": {
      "version": "22.7.5",
      "resolved": "https://registry.npmjs.org/@types/node/-/node-22.7.5.tgz",
      "integrity": "sha512-jML7s2NAzMWc//QSJ1a3prpk78cOPchGvXJsC3C6R6PSMoooztvRVQEz89gmBTBY1SPMaqo5teB4uNHPdetShQ==",
      "dev": true,
      "peer": true,
      "dependencies": {
        "undici-types": "~6.19.2"
      }
    },
    "node_modules/fourtune": {
      "version": "0.17.0",
      "resolved": "https://registry.npmjs.org/fourtune/-/fourtune-0.17.0.tgz",
      "integrity": "sha512-Y5ezXummQBGtXdbopXnmf5MXZj7W+Pelg0LD3f7mCIdjEU0TwGQB3ODUKAucz8WJ05RYw53JLJEPY3WvGdX9Ig==",
      "dev": true,
      "dependencies": {
        "@anio-js-foundation/str-colorize": "^2.1.0",
        "@anio-node-foundation/cli-parse-args": "^3.0.0",
        "@anio-software/fs": "^0.6.0"
      },
      "bin": {
        "fourtune": "src/cli.mjs"
      }
    },
    "node_modules/undici-types": {
      "version": "6.19.8",
      "resolved": "https://registry.npmjs.org/undici-types/-/undici-types-6.19.8.tgz",
      "integrity": "sha512-ve2KP6f/JnbPBFyobGHuerC9g1FYGn/F8n1LWTwNxCEzd6IfqTwUQcNXgEtmmQ6DlRrC1hrSrBnCZPokRrDHjw==",
      "dev": true,
      "peer": true
    }
  }
}
